// !$*UTF8*$!
{
	archiveVersion = 1;
	classes = {
	};
	objectVersion = 46;
	objects = {

/* Begin PBXBuildFile section */
		5236D3D81E3E800F0026CB05 /* AppDelegate.swift in Sources */ = {isa = PBXBuildFile; fileRef = 5236D3D71E3E800F0026CB05 /* AppDelegate.swift */; };
		5236D3DA1E3E800F0026CB05 /* ViewController.swift in Sources */ = {isa = PBXBuildFile; fileRef = 5236D3D91E3E800F0026CB05 /* ViewController.swift */; };
		5236D3DD1E3E800F0026CB05 /* Main.storyboard in Resources */ = {isa = PBXBuildFile; fileRef = 5236D3DB1E3E800F0026CB05 /* Main.storyboard */; };
		5236D3DF1E3E800F0026CB05 /* Assets.xcassets in Resources */ = {isa = PBXBuildFile; fileRef = 5236D3DE1E3E800F0026CB05 /* Assets.xcassets */; };
		5236D3E21E3E800F0026CB05 /* LaunchScreen.storyboard in Resources */ = {isa = PBXBuildFile; fileRef = 5236D3E01E3E800F0026CB05 /* LaunchScreen.storyboard */; };
		5236D3ED1E3E800F0026CB05 /* ProjectFour_KellyMcNevinTests.swift in Sources */ = {isa = PBXBuildFile; fileRef = 5236D3EC1E3E800F0026CB05 /* ProjectFour_KellyMcNevinTests.swift */; };
/* End PBXBuildFile section */

/* Begin PBXContainerItemProxy section */
		5236D3E91E3E800F0026CB05 /* PBXContainerItemProxy */ = {
			isa = PBXContainerItemProxy;
			containerPortal = 5236D3CC1E3E800E0026CB05 /* Project object */;
			proxyType = 1;
			remoteGlobalIDString = 5236D3D31E3E800E0026CB05;
			remoteInfo = "ProjectFour-KellyMcNevin";
		};
/* End PBXContainerItemProxy section */

/* Begin PBXFileReference section */
		5236D3D41E3E800E0026CB05 /* ProjectFour-KellyMcNevin.app */ = {isa = PBXFileReference; explicitFileType = wrapper.application; includeInIndex = 0; path = "ProjectFour-KellyMcNevin.app"; sourceTree = BUILT_PRODUCTS_DIR; };
		5236D3D71E3E800F0026CB05 /* AppDelegate.swift */ = {isa = PBXFileReference; lastKnownFileType = sourcecode.swift; path = AppDelegate.swift; sourceTree = "<group>"; };
		5236D3D91E3E800F0026CB05 /* ViewController.swift */ = {isa = PBXFileReference; lastKnownFileType = sourcecode.swift; path = ViewController.swift; sourceTree = "<group>"; };
		5236D3DC1E3E800F0026CB05 /* Base */ = {isa = PBXFileReference; lastKnownFileType = file.storyboard; name = Base; path = Base.lproj/Main.storyboard; sourceTree = "<group>"; };
		5236D3DE1E3E800F0026CB05 /* Assets.xcassets */ = {isa = PBXFileReference; lastKnownFileType = folder.assetcatalog; path = Assets.xcassets; sourceTree = "<group>"; };
		5236D3E11E3E800F0026CB05 /* Base */ = {isa = PBXFileReference; lastKnownFileType = file.storyboard; name = Base; path = Base.lproj/LaunchScreen.storyboard; sourceTree = "<group>"; };
		5236D3E31E3E800F0026CB05 /* Info.plist */ = {isa = PBXFileReference; lastKnownFileType = text.plist.xml; path = Info.plist; sourceTree = "<group>"; };
		5236D3E81E3E800F0026CB05 /* ProjectFour-KellyMcNevinTests.xctest */ = {isa = PBXFileReference; explicitFileType = wrapper.cfbundle; includeInIndex = 0; path = "ProjectFour-KellyMcNevinTests.xctest"; sourceTree = BUILT_PRODUCTS_DIR; };
		5236D3EC1E3E800F0026CB05 /* ProjectFour_KellyMcNevinTests.swift */ = {isa = PBXFileReference; lastKnownFileType = sourcecode.swift; path = ProjectFour_KellyMcNevinTests.swift; sourceTree = "<group>"; };
		5236D3EE1E3E800F0026CB05 /* Info.plist */ = {isa = PBXFileReference; lastKnownFileType = text.plist.xml; path = Info.plist; sourceTree = "<group>"; };
/* End PBXFileReference section */

/* Begin PBXFrameworksBuildPhase section */
		5236D3D11E3E800E0026CB05 /* Frameworks */ = {
			isa = PBXFrameworksBuildPhase;
			buildActionMask = 2147483647;
			files = (
			);
			runOnlyForDeploymentPostprocessing = 0;
		};
		5236D3E51E3E800F0026CB05 /* Frameworks */ = {
			isa = PBXFrameworksBuildPhase;
			buildActionMask = 2147483647;
			files = (
			);
			runOnlyForDeploymentPostprocessing = 0;
		};
/* End PBXFrameworksBuildPhase section */

/* Begin PBXGroup section */
		5236D3CB1E3E800E0026CB05 = {
			isa = PBXGroup;
			children = (
				5236D3D61E3E800E0026CB05 /* ProjectFour-KellyMcNevin */,
				5236D3EB1E3E800F0026CB05 /* ProjectFour-KellyMcNevinTests */,
				5236D3D51E3E800E0026CB05 /* Products */,
			);
			sourceTree = "<group>";
		};
		5236D3D51E3E800E0026CB05 /* Products */ = {
			isa = PBXGroup;
			children = (
				5236D3D41E3E800E0026CB05 /* ProjectFour-KellyMcNevin.app */,
				5236D3E81E3E800F0026CB05 /* ProjectFour-KellyMcNevinTests.xctest */,
			);
			name = Products;
			sourceTree = "<group>";
		};
		5236D3D61E3E800E0026CB05 /* ProjectFour-KellyMcNevin */ = {
			isa = PBXGroup;
			children = (
				5236D3D71E3E800F0026CB05 /* AppDelegate.swift */,
				5236D3D91E3E800F0026CB05 /* ViewController.swift */,
				5236D3DB1E3E800F0026CB05 /* Main.storyboard */,
				5236D3DE1E3E800F0026CB05 /* Assets.xcassets */,
				5236D3E01E3E800F0026CB05 /* LaunchScreen.storyboard */,
				5236D3E31E3E800F0026CB05 /* Info.plist */,
			);
			path = "ProjectFour-KellyMcNevin";
			sourceTree = "<group>";
		};
		5236D3EB1E3E800F0026CB05 /* ProjectFour-KellyMcNevinTests */ = {
			isa = PBXGroup;
			children = (
				5236D3EC1E3E800F0026CB05 /* ProjectFour_KellyMcNevinTests.swift */,
				5236D3EE1E3E800F0026CB05 /* Info.plist */,
			);
			path = "ProjectFour-KellyMcNevinTests";
			sourceTree = "<group>";
		};
/* End PBXGroup section */

/* Begin PBXNativeTarget section */
		5236D3D31E3E800E0026CB05 /* ProjectFour-KellyMcNevin */ = {
			isa = PBXNativeTarget;
			buildConfigurationList = 5236D3F11E3E800F0026CB05 /* Build configuration list for PBXNativeTarget "ProjectFour-KellyMcNevin" */;
			buildPhases = (
				5236D3D01E3E800E0026CB05 /* Sources */,
				5236D3D11E3E800E0026CB05 /* Frameworks */,
				5236D3D21E3E800E0026CB05 /* Resources */,
			);
			buildRules = (
			);
			dependencies = (
			);
			name = "ProjectFour-KellyMcNevin";
			productName = "ProjectFour-KellyMcNevin";
			productReference = 5236D3D41E3E800E0026CB05 /* ProjectFour-KellyMcNevin.app */;
			productType = "com.apple.product-type.application";
		};
		5236D3E71E3E800F0026CB05 /* ProjectFour-KellyMcNevinTests */ = {
			isa = PBXNativeTarget;
			buildConfigurationList = 5236D3F41E3E800F0026CB05 /* Build configuration list for PBXNativeTarget "ProjectFour-KellyMcNevinTests" */;
			buildPhases = (
				5236D3E41E3E800F0026CB05 /* Sources */,
				5236D3E51E3E800F0026CB05 /* Frameworks */,
				5236D3E61E3E800F0026CB05 /* Resources */,
			);
			buildRules = (
			);
			dependencies = (
				5236D3EA1E3E800F0026CB05 /* PBXTargetDependency */,
			);
			name = "ProjectFour-KellyMcNevinTests";
			productName = "ProjectFour-KellyMcNevinTests";
			productReference = 5236D3E81E3E800F0026CB05 /* ProjectFour-KellyMcNevinTests.xctest */;
			productType = "com.apple.product-type.bundle.unit-test";
		};
/* End PBXNativeTarget section */

/* Begin PBXProject section */
		5236D3CC1E3E800E0026CB05 /* Project object */ = {
			isa = PBXProject;
			attributes = {
				LastSwiftUpdateCheck = 0820;
				LastUpgradeCheck = 0820;
				ORGANIZATIONNAME = "Kelly McNevin";
				TargetAttributes = {
					5236D3D31E3E800E0026CB05 = {
						CreatedOnToolsVersion = 8.2.1;
						DevelopmentTeam = C67VLY25J7;
						ProvisioningStyle = Automatic;
					};
					5236D3E71E3E800F0026CB05 = {
						CreatedOnToolsVersion = 8.2.1;
						DevelopmentTeam = C67VLY25J7;
						ProvisioningStyle = Automatic;
						TestTargetID = 5236D3D31E3E800E0026CB05;
					};
				};
			};
			buildConfigurationList = 5236D3CF1E3E800E0026CB05 /* Build configuration list for PBXProject "ProjectFour-KellyMcNevin" */;
			compatibilityVersion = "Xcode 3.2";
			developmentRegion = English;
			hasScannedForEncodings = 0;
			knownRegions = (
				en,
				Base,
			);
			mainGroup = 5236D3CB1E3E800E0026CB05;
			productRefGroup = 5236D3D51E3E800E0026CB05 /* Products */;
			projectDirPath = "";
			projectRoot = "";
			targets = (
				5236D3D31E3E800E0026CB05 /* ProjectFour-KellyMcNevin */,
				5236D3E71E3E800F0026CB05 /* ProjectFour-KellyMcNevinTests */,
			);
		};
/* End PBXProject section */

/* Begin PBXResourcesBuildPhase section */
		5236D3D21E3E800E0026CB05 /* Resources */ = {
			isa = PBXResourcesBuildPhase;
			buildActionMask = 2147483647;
			files = (
				5236D3E21E3E800F0026CB05 /* LaunchScreen.storyboard in Resources */,
				5236D3DF1E3E800F0026CB05 /* Assets.xcassets in Resources */,
				5236D3DD1E3E800F0026CB05 /* Main.storyboard in Resources */,
			);
			runOnlyForDeploymentPostprocessing = 0;
		};
		5236D3E61E3E800F0026CB05 /* Resources */ = {
			isa = PBXResourcesBuildPhase;
			buildActionMask = 2147483647;
			files = (
			);
			runOnlyForDeploymentPostprocessing = 0;
		};
/* End PBXResourcesBuildPhase section */

/* Begin PBXSourcesBuildPhase section */
		5236D3D01E3E800E0026CB05 /* Sources */ = {
			isa = PBXSourcesBuildPhase;
			buildActionMask = 2147483647;
			files = (
				5236D3DA1E3E800F0026CB05 /* ViewController.swift in Sources */,
				5236D3D81E3E800F0026CB05 /* AppDelegate.swift in Sources */,
			);
			runOnlyForDeploymentPostprocessing = 0;
		};
		5236D3E41E3E800F0026CB05 /* Sources */ = {
			isa = PBXSourcesBuildPhase;
			buildActionMask = 2147483647;
			files = (
				5236D3ED1E3E800F0026CB05 /* ProjectFour_KellyMcNevinTests.swift in Sources */,
			);
			runOnlyForDeploymentPostprocessing = 0;
		};
/* End PBXSourcesBuildPhase section */

/* Begin PBXTargetDependency section */
		5236D3EA1E3E800F0026CB05 /* PBXTargetDependency */ = {
			isa = PBXTargetDependency;
			target = 5236D3D31E3E800E0026CB05 /* ProjectFour-KellyMcNevin */;
			targetProxy = 5236D3E91E3E800F0026CB05 /* PBXContainerItemProxy */;
		};
/* End PBXTargetDependency section */

/* Begin PBXVariantGroup section */
		5236D3DB1E3E800F0026CB05 /* Main.storyboard */ = {
			isa = PBXVariantGroup;
			children = (
				5236D3DC1E3E800F0026CB05 /* Base */,
			);
			name = Main.storyboard;
			sourceTree = "<group>";
		};
		5236D3E01E3E800F0026CB05 /* LaunchScreen.storyboard */ = {
			isa = PBXVariantGroup;
			children = (
				5236D3E11E3E800F0026CB05 /* Base */,
			);
			name = LaunchScreen.storyboard;
			sourceTree = "<group>";
		};
/* End PBXVariantGroup section */

/* Begin XCBuildConfiguration section */
		5236D3EF1E3E800F0026CB05 /* Debug */ = {
			isa = XCBuildConfiguration;
			buildSettings = {
				ALWAYS_SEARCH_USER_PATHS = NO;
				CLANG_ANALYZER_NONNULL = YES;
				CLANG_CXX_LANGUAGE_STANDARD = "gnu++0x";
				CLANG_CXX_LIBRARY = "libc++";
				CLANG_ENABLE_MODULES = YES;
				CLANG_ENABLE_OBJC_ARC = YES;
				CLANG_WARN_BOOL_CONVERSION = YES;
				CLANG_WARN_CONSTANT_CONVERSION = YES;
				CLANG_WARN_DIRECT_OBJC_ISA_USAGE = YES_ERROR;
				CLANG_WARN_DOCUMENTATION_COMMENTS = YES;
				CLANG_WARN_EMPTY_BODY = YES;
				CLANG_WARN_ENUM_CONVERSION = YES;
				CLANG_WARN_INFINITE_RECURSION = YES;
				CLANG_WARN_INT_CONVERSION = YES;
				CLANG_WARN_OBJC_ROOT_CLASS = YES_ERROR;
				CLANG_WARN_SUSPICIOUS_MOVE = YES;
				CLANG_WARN_UNREACHABLE_CODE = YES;
				CLANG_WARN__DUPLICATE_METHOD_MATCH = YES;
				"CODE_SIGN_IDENTITY[sdk=iphoneos*]" = "iPhone Developer";
				COPY_PHASE_STRIP = NO;
				DEBUG_INFORMATION_FORMAT = dwarf;
				ENABLE_STRICT_OBJC_MSGSEND = YES;
				ENABLE_TESTABILITY = YES;
				GCC_C_LANGUAGE_STANDARD = gnu99;
				GCC_DYNAMIC_NO_PIC = NO;
				GCC_NO_COMMON_BLOCKS = YES;
				GCC_OPTIMIZATION_LEVEL = 0;
				GCC_PREPROCESSOR_DEFINITIONS = (
					"DEBUG=1",
					"$(inherited)",
				);
				GCC_WARN_64_TO_32_BIT_CONVERSION = YES;
				GCC_WARN_ABOUT_RETURN_TYPE = YES_ERROR;
				GCC_WARN_UNDECLARED_SELECTOR = YES;
				GCC_WARN_UNINITIALIZED_AUTOS = YES_AGGRESSIVE;
				GCC_WARN_UNUSED_FUNCTION = YES;
				GCC_WARN_UNUSED_VARIABLE = YES;
				IPHONEOS_DEPLOYMENT_TARGET = 10.2;
				MTL_ENABLE_DEBUG_INFO = YES;
				ONLY_ACTIVE_ARCH = YES;
				SDKROOT = iphoneos;
				SWIFT_ACTIVE_COMPILATION_CONDITIONS = DEBUG;
				SWIFT_OPTIMIZATION_LEVEL = "-Onone";
				TARGETED_DEVICE_FAMILY = "1,2";
			};
			name = Debug;
		};
		5236D3F01E3E800F0026CB05 /* Release */ = {
			isa = XCBuildConfiguration;
			buildSettings = {
				ALWAYS_SEARCH_USER_PATHS = NO;
				CLANG_ANALYZER_NONNULL = YES;
				CLANG_CXX_LANGUAGE_STANDARD = "gnu++0x";
				CLANG_CXX_LIBRARY = "libc++";
				CLANG_ENABLE_MODULES = YES;
				CLANG_ENABLE_OBJC_ARC = YES;
				CLANG_WARN_BOOL_CONVERSION = YES;
				CLANG_WARN_CONSTANT_CONVERSION = YES;
				CLANG_WARN_DIRECT_OBJC_ISA_USAGE = YES_ERROR;
				CLANG_WARN_DOCUMENTATION_COMMENTS = YES;
				CLANG_WARN_EMPTY_BODY = YES;
				CLANG_WARN_ENUM_CONVERSION = YES;
				CLANG_WARN_INFINITE_RECURSION = YES;
				CLANG_WARN_INT_CONVERSION = YES;
				CLANG_WARN_OBJC_ROOT_CLASS = YES_ERROR;
				CLANG_WARN_SUSPICIOUS_MOVE = YES;
				CLANG_WARN_UNREACHABLE_CODE = YES;
				CLANG_WARN__DUPLICATE_METHOD_MATCH = YES;
				"CODE_SIGN_IDENTITY[sdk=iphoneos*]" = "iPhone Developer";
				COPY_PHASE_STRIP = NO;
				DEBUG_INFORMATION_FORMAT = "dwarf-with-dsym";
				ENABLE_NS_ASSERTIONS = NO;
				ENABLE_STRICT_OBJC_MSGSEND = YES;
				GCC_C_LANGUAGE_STANDARD = gnu99;
				GCC_NO_COMMON_BLOCKS = YES;
				GCC_WARN_64_TO_32_BIT_CONVERSION = YES;
				GCC_WARN_ABOUT_RETURN_TYPE = YES_ERROR;
				GCC_WARN_UNDECLARED_SELECTOR = YES;
				GCC_WARN_UNINITIALIZED_AUTOS = YES_AGGRESSIVE;
				GCC_WARN_UNUSED_FUNCTION = YES;
				GCC_WARN_UNUSED_VARIABLE = YES;
				IPHONEOS_DEPLOYMENT_TARGET = 10.2;
				MTL_ENABLE_DEBUG_INFO = NO;
				SDKROOT = iphoneos;
				SWIFT_OPTIMIZATION_LEVEL = "-Owholemodule";
				TARGETED_DEVICE_FAMILY = "1,2";
				VALIDATE_PRODUCT = YES;
			};
			name = Release;
		};
		5236D3F21E3E800F0026CB05 /* Debug */ = {
			isa = XCBuildConfiguration;
			buildSettings = {
				ASSETCATALOG_COMPILER_APPICON_NAME = AppIcon;
				DEVELOPMENT_TEAM = C67VLY25J7;
				INFOPLIST_FILE = "ProjectFour-KellyMcNevin/Info.plist";
				LD_RUNPATH_SEARCH_PATHS = "$(inherited) @executable_path/Frameworks";
				PRODUCT_BUNDLE_IDENTIFIER = "com.kelly.ProjectFour-KellyMcNevin";
				PRODUCT_NAME = "$(TARGET_NAME)";
				SWIFT_VERSION = 3.0;
			};
			name = Debug;
		};
		5236D3F31E3E800F0026CB05 /* Release */ = {
			isa = XCBuildConfiguration;
			buildSettings = {
				ASSETCATALOG_COMPILER_APPICON_NAME = AppIcon;
				DEVELOPMENT_TEAM = C67VLY25J7;
				INFOPLIST_FILE = "ProjectFour-KellyMcNevin/Info.plist";
				LD_RUNPATH_SEARCH_PATHS = "$(inherited) @executable_path/Frameworks";
				PRODUCT_BUNDLE_IDENTIFIER = "com.kelly.ProjectFour-KellyMcNevin";
				PRODUCT_NAME = "$(TARGET_NAME)";
				SWIFT_VERSION = 3.0;
			};
			name = Release;
		};
		5236D3F51E3E800F0026CB05 /* Debug */ = {
			isa = XCBuildConfiguration;
			buildSettings = {
				ALWAYS_EMBED_SWIFT_STANDARD_LIBRARIES = YES;
				BUNDLE_LOADER = "$(TEST_HOST)";
				DEVELOPMENT_TEAM = C67VLY25J7;
				INFOPLIST_FILE = "ProjectFour-KellyMcNevinTests/Info.plist";
				LD_RUNPATH_SEARCH_PATHS = "$(inherited) @executable_path/Frameworks @loader_path/Frameworks";
				PRODUCT_BUNDLE_IDENTIFIER = "com.kelly.ProjectFour-KellyMcNevinTests";
				PRODUCT_NAME = "$(TARGET_NAME)";
				SWIFT_VERSION = 3.0;
				TEST_HOST = "$(BUILT_PRODUCTS_DIR)/ProjectFour-KellyMcNevin.app/ProjectFour-KellyMcNevin";
			};
			name = Debug;
		};
		5236D3F61E3E800F0026CB05 /* Release */ = {
			isa = XCBuildConfiguration;
			buildSettings = {
				ALWAYS_EMBED_SWIFT_STANDARD_LIBRARIES = YES;
				BUNDLE_LOADER = "$(TEST_HOST)";
				DEVELOPMENT_TEAM = C67VLY25J7;
				INFOPLIST_FILE = "ProjectFour-KellyMcNevinTests/Info.plist";
				LD_RUNPATH_SEARCH_PATHS = "$(inherited) @executable_path/Frameworks @loader_path/Frameworks";
				PRODUCT_BUNDLE_IDENTIFIER = "com.kelly.ProjectFour-KellyMcNevinTests";
				PRODUCT_NAME = "$(TARGET_NAME)";
				SWIFT_VERSION = 3.0;
				TEST_HOST = "$(BUILT_PRODUCTS_DIR)/ProjectFour-KellyMcNevin.app/ProjectFour-KellyMcNevin";
			};
			name = Release;
		};
/* End XCBuildConfiguration section */

/* Begin XCConfigurationList section */
		5236D3CF1E3E800E0026CB05 /* Build configuration list for PBXProject "ProjectFour-KellyMcNevin" */ = {
			isa = XCConfigurationList;
			buildConfigurations = (
				5236D3EF1E3E800F0026CB05 /* Debug */,
				5236D3F01E3E800F0026CB05 /* Release */,
			);
			defaultConfigurationIsVisible = 0;
			defaultConfigurationName = Release;
		};
		5236D3F11E3E800F0026CB05 /* Build configuration list for PBXNativeTarget "ProjectFour-KellyMcNevin" */ = {
			isa = XCConfigurationList;
			buildConfigurations = (
				5236D3F21E3E800F0026CB05 /* Debug */,
				5236D3F31E3E800F0026CB05 /* Release */,
			);
			defaultConfigurationIsVisible = 0;
		};
		5236D3F41E3E800F0026CB05 /* Build configuration list for PBXNativeTarget "ProjectFour-KellyMcNevinTests" */ = {
			isa = XCConfigurationList;
			buildConfigurations = (
				5236D3F51E3E800F0026CB05 /* Debug */,
				5236D3F61E3E800F0026CB05 /* Release */,
			);
			defaultConfigurationIsVisible = 0;
		};
/* End XCConfigurationList section */
	};
	rootObject = 5236D3CC1E3E800E0026CB05 /* Project object */;
}
