// !$*UTF8*$!
{
	archiveVersion = 1;
	classes = {
	};
	objectVersion = 46;
	objects = {

/* Begin PBXBuildFile section */
		5208A1541E439C8A007302EE /* ClassDataModel.swift in Sources */ = {isa = PBXBuildFile; fileRef = 5208A1531E439C8A007302EE /* ClassDataModel.swift */; };
		5208A1581E43C461007302EE /* Fitbit_logo_RGB.png in Resources */ = {isa = PBXBuildFile; fileRef = 5208A1571E43C461007302EE /* Fitbit_logo_RGB.png */; };
		5208A15A1E43C472007302EE /* Fitbit_logo_reversed_RGB.png in Resources */ = {isa = PBXBuildFile; fileRef = 5208A1591E43C472007302EE /* Fitbit_logo_reversed_RGB.png */; };
		5208A1601E48CCF5007302EE /* SleepAnalysisCollectionViewCell.swift in Sources */ = {isa = PBXBuildFile; fileRef = 5208A15F1E48CCF5007302EE /* SleepAnalysisCollectionViewCell.swift */; };
		5208A16E1E48D30F007302EE /* timeInBed.png in Resources */ = {isa = PBXBuildFile; fileRef = 5208A1611E48D30F007302EE /* timeInBed.png */; };
		5208A16F1E48D30F007302EE /* restlessCount.png in Resources */ = {isa = PBXBuildFile; fileRef = 5208A1621E48D30F007302EE /* restlessCount.png */; };
		5208A1701E48D30F007302EE /* restlessDuration.png in Resources */ = {isa = PBXBuildFile; fileRef = 5208A1631E48D30F007302EE /* restlessDuration.png */; };
		5208A1711E48D30F007302EE /* awakeduration.png in Resources */ = {isa = PBXBuildFile; fileRef = 5208A1641E48D30F007302EE /* awakeduration.png */; };
		5208A1721E48D30F007302EE /* awakeCount.png in Resources */ = {isa = PBXBuildFile; fileRef = 5208A1651E48D30F007302EE /* awakeCount.png */; };
		5208A1731E48D30F007302EE /* awakeningsCounted.png in Resources */ = {isa = PBXBuildFile; fileRef = 5208A1661E48D30F007302EE /* awakeningsCounted.png */; };
		5208A1741E48D30F007302EE /* minutesAwake.png in Resources */ = {isa = PBXBuildFile; fileRef = 5208A1671E48D30F007302EE /* minutesAwake.png */; };
		5208A1751E48D30F007302EE /* minutesAsleep.png in Resources */ = {isa = PBXBuildFile; fileRef = 5208A1681E48D30F007302EE /* minutesAsleep.png */; };
		5208A1761E48D30F007302EE /* minutestofallasleep.png in Resources */ = {isa = PBXBuildFile; fileRef = 5208A1691E48D30F007302EE /* minutestofallasleep.png */; };
		5208A1771E48D30F007302EE /* duration.jpeg in Resources */ = {isa = PBXBuildFile; fileRef = 5208A16A1E48D30F007302EE /* duration.jpeg */; };
		5208A1781E48D30F007302EE /* startTime.png in Resources */ = {isa = PBXBuildFile; fileRef = 5208A16B1E48D30F007302EE /* startTime.png */; };
		5208A1791E48D30F007302EE /* efficiency.jpeg in Resources */ = {isa = PBXBuildFile; fileRef = 5208A16C1E48D30F007302EE /* efficiency.jpeg */; };
		5208A17A1E48D30F007302EE /* notes.png in Resources */ = {isa = PBXBuildFile; fileRef = 5208A16D1E48D30F007302EE /* notes.png */; };
		5231DCB61E4E4E8B00E91750 /* 3_10_8.png in Resources */ = {isa = PBXBuildFile; fileRef = 5231DCB51E4E4E8B00E91750 /* 3_10_8.png */; };
		5231DCBE1E4E616700E91750 /* Sleep-48.png in Resources */ = {isa = PBXBuildFile; fileRef = 5231DCBD1E4E616700E91750 /* Sleep-48.png */; };
		5231DCC01E4E619600E91750 /* Note-48.png in Resources */ = {isa = PBXBuildFile; fileRef = 5231DCBF1E4E619600E91750 /* Note-48.png */; };
		5236D3D81E3E800F0026CB05 /* AppDelegate.swift in Sources */ = {isa = PBXBuildFile; fileRef = 5236D3D71E3E800F0026CB05 /* AppDelegate.swift */; };
		5236D3DD1E3E800F0026CB05 /* Main.storyboard in Resources */ = {isa = PBXBuildFile; fileRef = 5236D3DB1E3E800F0026CB05 /* Main.storyboard */; };
		5236D3DF1E3E800F0026CB05 /* Assets.xcassets in Resources */ = {isa = PBXBuildFile; fileRef = 5236D3DE1E3E800F0026CB05 /* Assets.xcassets */; };
		5236D3E21E3E800F0026CB05 /* LaunchScreen.storyboard in Resources */ = {isa = PBXBuildFile; fileRef = 5236D3E01E3E800F0026CB05 /* LaunchScreen.storyboard */; };
		5236D3ED1E3E800F0026CB05 /* ProjectFour_KellyMcNevinTests.swift in Sources */ = {isa = PBXBuildFile; fileRef = 5236D3EC1E3E800F0026CB05 /* ProjectFour_KellyMcNevinTests.swift */; };
		5236D3FC1E3FBA3C0026CB05 /* Firebase.swift in Sources */ = {isa = PBXBuildFile; fileRef = 5236D3FB1E3FBA3C0026CB05 /* Firebase.swift */; };
		5236D3FE1E3FBBF50026CB05 /* DataModel.swift in Sources */ = {isa = PBXBuildFile; fileRef = 5236D3FD1E3FBBF50026CB05 /* DataModel.swift */; };
		5236D4081E3FF8880026CB05 /* GoogleService-Info.plist in Resources */ = {isa = PBXBuildFile; fileRef = 5236D4071E3FF8880026CB05 /* GoogleService-Info.plist */; };
		5236D40A1E40E8A70026CB05 /* FitbitLoginViewController.swift in Sources */ = {isa = PBXBuildFile; fileRef = 5236D4091E40E8A70026CB05 /* FitbitLoginViewController.swift */; };
		5236D40C1E4114A20026CB05 /* Fitbit.swift in Sources */ = {isa = PBXBuildFile; fileRef = 5236D40B1E4114A20026CB05 /* Fitbit.swift */; };
		5236D40E1E411CD30026CB05 /* SessionsViewController.swift in Sources */ = {isa = PBXBuildFile; fileRef = 5236D40D1E411CD30026CB05 /* SessionsViewController.swift */; };
		5236D4101E411D000026CB05 /* SessionsTableViewCell.swift in Sources */ = {isa = PBXBuildFile; fileRef = 5236D40F1E411D000026CB05 /* SessionsTableViewCell.swift */; };
		5236D4151E413D900026CB05 /* NotesViewController.swift in Sources */ = {isa = PBXBuildFile; fileRef = 5236D4141E413D900026CB05 /* NotesViewController.swift */; };
		5236D4171E413E8D0026CB05 /* NotesTableViewCell.swift in Sources */ = {isa = PBXBuildFile; fileRef = 5236D4161E413E8D0026CB05 /* NotesTableViewCell.swift */; };
		5236D4191E413F750026CB05 /* SleepAnalysisViewController.swift in Sources */ = {isa = PBXBuildFile; fileRef = 5236D4181E413F750026CB05 /* SleepAnalysisViewController.swift */; };
		5288C4721E48E7BA00C43B60 /* IndividualNoteViewController.swift in Sources */ = {isa = PBXBuildFile; fileRef = 5288C4711E48E7BA00C43B60 /* IndividualNoteViewController.swift */; };
		5288C4B01E49123C00C43B60 /* images.png in Resources */ = {isa = PBXBuildFile; fileRef = 5288C4AE1E49123C00C43B60 /* images.png */; };
		5288C4B11E49123C00C43B60 /* Unknown.png in Resources */ = {isa = PBXBuildFile; fileRef = 5288C4AF1E49123C00C43B60 /* Unknown.png */; };
		5288C4B31E4A532B00C43B60 /* EditableNotesViewController.swift in Sources */ = {isa = PBXBuildFile; fileRef = 5288C4B21E4A532A00C43B60 /* EditableNotesViewController.swift */; };
		79493191052F43EAFCF46D7D /* Pods_ProjectFour_KellyMcNevin.framework in Frameworks */ = {isa = PBXBuildFile; fileRef = D34ABD21B502272A50D6B4A3 /* Pods_ProjectFour_KellyMcNevin.framework */; };
/* End PBXBuildFile section */

/* Begin PBXContainerItemProxy section */
		5236D3E91E3E800F0026CB05 /* PBXContainerItemProxy */ = {
			isa = PBXContainerItemProxy;
			containerPortal = 5236D3CC1E3E800E0026CB05 /* Project object */;
			proxyType = 1;
			remoteGlobalIDString = 5236D3D31E3E800E0026CB05;
			remoteInfo = "ProjectFour-KellyMcNevin";
		};
/* End PBXContainerItemProxy section */

/* Begin PBXFileReference section */
		4E6826C4DEEC3BCD8CAAB6CD /* Pods_ProjectFour_KellyMcNevinTests.framework */ = {isa = PBXFileReference; explicitFileType = wrapper.framework; includeInIndex = 0; path = Pods_ProjectFour_KellyMcNevinTests.framework; sourceTree = BUILT_PRODUCTS_DIR; };
		5208A1531E439C8A007302EE /* ClassDataModel.swift */ = {isa = PBXFileReference; fileEncoding = 4; lastKnownFileType = sourcecode.swift; path = ClassDataModel.swift; sourceTree = "<group>"; };
		5208A1551E43BE29007302EE /* Fitbit_logo_CMYK.eps */ = {isa = PBXFileReference; lastKnownFileType = file; path = Fitbit_logo_CMYK.eps; sourceTree = "<group>"; };
		5208A1571E43C461007302EE /* Fitbit_logo_RGB.png */ = {isa = PBXFileReference; lastKnownFileType = image.png; path = Fitbit_logo_RGB.png; sourceTree = "<group>"; };
		5208A1591E43C472007302EE /* Fitbit_logo_reversed_RGB.png */ = {isa = PBXFileReference; lastKnownFileType = image.png; path = Fitbit_logo_reversed_RGB.png; sourceTree = "<group>"; };
		5208A15F1E48CCF5007302EE /* SleepAnalysisCollectionViewCell.swift */ = {isa = PBXFileReference; fileEncoding = 4; lastKnownFileType = sourcecode.swift; path = SleepAnalysisCollectionViewCell.swift; sourceTree = "<group>"; };
		5208A1611E48D30F007302EE /* timeInBed.png */ = {isa = PBXFileReference; lastKnownFileType = image.png; path = timeInBed.png; sourceTree = "<group>"; };
		5208A1621E48D30F007302EE /* restlessCount.png */ = {isa = PBXFileReference; lastKnownFileType = image.png; path = restlessCount.png; sourceTree = "<group>"; };
		5208A1631E48D30F007302EE /* restlessDuration.png */ = {isa = PBXFileReference; lastKnownFileType = image.png; path = restlessDuration.png; sourceTree = "<group>"; };
		5208A1641E48D30F007302EE /* awakeduration.png */ = {isa = PBXFileReference; lastKnownFileType = image.png; path = awakeduration.png; sourceTree = "<group>"; };
		5208A1651E48D30F007302EE /* awakeCount.png */ = {isa = PBXFileReference; lastKnownFileType = image.png; path = awakeCount.png; sourceTree = "<group>"; };
		5208A1661E48D30F007302EE /* awakeningsCounted.png */ = {isa = PBXFileReference; lastKnownFileType = image.png; path = awakeningsCounted.png; sourceTree = "<group>"; };
		5208A1671E48D30F007302EE /* minutesAwake.png */ = {isa = PBXFileReference; lastKnownFileType = image.png; path = minutesAwake.png; sourceTree = "<group>"; };
		5208A1681E48D30F007302EE /* minutesAsleep.png */ = {isa = PBXFileReference; lastKnownFileType = image.png; path = minutesAsleep.png; sourceTree = "<group>"; };
		5208A1691E48D30F007302EE /* minutestofallasleep.png */ = {isa = PBXFileReference; lastKnownFileType = image.png; path = minutestofallasleep.png; sourceTree = "<group>"; };
		5208A16A1E48D30F007302EE /* duration.jpeg */ = {isa = PBXFileReference; lastKnownFileType = image.jpeg; path = duration.jpeg; sourceTree = "<group>"; };
		5208A16B1E48D30F007302EE /* startTime.png */ = {isa = PBXFileReference; lastKnownFileType = image.png; path = startTime.png; sourceTree = "<group>"; };
		5208A16C1E48D30F007302EE /* efficiency.jpeg */ = {isa = PBXFileReference; lastKnownFileType = image.jpeg; path = efficiency.jpeg; sourceTree = "<group>"; };
		5208A16D1E48D30F007302EE /* notes.png */ = {isa = PBXFileReference; lastKnownFileType = image.png; path = notes.png; sourceTree = "<group>"; };
		5231DCB51E4E4E8B00E91750 /* 3_10_8.png */ = {isa = PBXFileReference; lastKnownFileType = image.png; path = 3_10_8.png; sourceTree = "<group>"; };
		5231DCBD1E4E616700E91750 /* Sleep-48.png */ = {isa = PBXFileReference; lastKnownFileType = image.png; path = "Sleep-48.png"; sourceTree = "<group>"; };
		5231DCBF1E4E619600E91750 /* Note-48.png */ = {isa = PBXFileReference; lastKnownFileType = image.png; path = "Note-48.png"; sourceTree = "<group>"; };
		5236D3D41E3E800E0026CB05 /* ProjectFour-KellyMcNevin.app */ = {isa = PBXFileReference; explicitFileType = wrapper.application; includeInIndex = 0; path = "ProjectFour-KellyMcNevin.app"; sourceTree = BUILT_PRODUCTS_DIR; };
		5236D3D71E3E800F0026CB05 /* AppDelegate.swift */ = {isa = PBXFileReference; lastKnownFileType = sourcecode.swift; path = AppDelegate.swift; sourceTree = "<group>"; };
		5236D3DC1E3E800F0026CB05 /* Base */ = {isa = PBXFileReference; lastKnownFileType = file.storyboard; name = Base; path = Base.lproj/Main.storyboard; sourceTree = "<group>"; };
		5236D3DE1E3E800F0026CB05 /* Assets.xcassets */ = {isa = PBXFileReference; lastKnownFileType = folder.assetcatalog; path = Assets.xcassets; sourceTree = "<group>"; };
		5236D3E11E3E800F0026CB05 /* Base */ = {isa = PBXFileReference; lastKnownFileType = file.storyboard; name = Base; path = Base.lproj/LaunchScreen.storyboard; sourceTree = "<group>"; };
		5236D3E31E3E800F0026CB05 /* Info.plist */ = {isa = PBXFileReference; lastKnownFileType = text.plist.xml; path = Info.plist; sourceTree = "<group>"; };
		5236D3E81E3E800F0026CB05 /* ProjectFour-KellyMcNevinTests.xctest */ = {isa = PBXFileReference; explicitFileType = wrapper.cfbundle; includeInIndex = 0; path = "ProjectFour-KellyMcNevinTests.xctest"; sourceTree = BUILT_PRODUCTS_DIR; };
		5236D3EC1E3E800F0026CB05 /* ProjectFour_KellyMcNevinTests.swift */ = {isa = PBXFileReference; lastKnownFileType = sourcecode.swift; path = ProjectFour_KellyMcNevinTests.swift; sourceTree = "<group>"; };
		5236D3EE1E3E800F0026CB05 /* Info.plist */ = {isa = PBXFileReference; lastKnownFileType = text.plist.xml; path = Info.plist; sourceTree = "<group>"; };
		5236D3FB1E3FBA3C0026CB05 /* Firebase.swift */ = {isa = PBXFileReference; fileEncoding = 4; lastKnownFileType = sourcecode.swift; path = Firebase.swift; sourceTree = "<group>"; };
		5236D3FD1E3FBBF50026CB05 /* DataModel.swift */ = {isa = PBXFileReference; fileEncoding = 4; lastKnownFileType = sourcecode.swift; path = DataModel.swift; sourceTree = "<group>"; };
		5236D4071E3FF8880026CB05 /* GoogleService-Info.plist */ = {isa = PBXFileReference; fileEncoding = 4; lastKnownFileType = text.plist.xml; path = "GoogleService-Info.plist"; sourceTree = "<group>"; };
		5236D4091E40E8A70026CB05 /* FitbitLoginViewController.swift */ = {isa = PBXFileReference; fileEncoding = 4; lastKnownFileType = sourcecode.swift; path = FitbitLoginViewController.swift; sourceTree = "<group>"; };
		5236D40B1E4114A20026CB05 /* Fitbit.swift */ = {isa = PBXFileReference; fileEncoding = 4; lastKnownFileType = sourcecode.swift; path = Fitbit.swift; sourceTree = "<group>"; };
		5236D40D1E411CD30026CB05 /* SessionsViewController.swift */ = {isa = PBXFileReference; fileEncoding = 4; lastKnownFileType = sourcecode.swift; path = SessionsViewController.swift; sourceTree = "<group>"; };
		5236D40F1E411D000026CB05 /* SessionsTableViewCell.swift */ = {isa = PBXFileReference; fileEncoding = 4; lastKnownFileType = sourcecode.swift; path = SessionsTableViewCell.swift; sourceTree = "<group>"; };
		5236D4141E413D900026CB05 /* NotesViewController.swift */ = {isa = PBXFileReference; fileEncoding = 4; lastKnownFileType = sourcecode.swift; path = NotesViewController.swift; sourceTree = "<group>"; };
		5236D4161E413E8D0026CB05 /* NotesTableViewCell.swift */ = {isa = PBXFileReference; fileEncoding = 4; lastKnownFileType = sourcecode.swift; path = NotesTableViewCell.swift; sourceTree = "<group>"; };
		5236D4181E413F750026CB05 /* SleepAnalysisViewController.swift */ = {isa = PBXFileReference; fileEncoding = 4; lastKnownFileType = sourcecode.swift; path = SleepAnalysisViewController.swift; sourceTree = "<group>"; };
		5288C4711E48E7BA00C43B60 /* IndividualNoteViewController.swift */ = {isa = PBXFileReference; fileEncoding = 4; lastKnownFileType = sourcecode.swift; path = IndividualNoteViewController.swift; sourceTree = "<group>"; };
		5288C4AE1E49123C00C43B60 /* images.png */ = {isa = PBXFileReference; lastKnownFileType = image.png; path = images.png; sourceTree = "<group>"; };
		5288C4AF1E49123C00C43B60 /* Unknown.png */ = {isa = PBXFileReference; lastKnownFileType = image.png; path = Unknown.png; sourceTree = "<group>"; };
		5288C4B21E4A532A00C43B60 /* EditableNotesViewController.swift */ = {isa = PBXFileReference; fileEncoding = 4; lastKnownFileType = sourcecode.swift; path = EditableNotesViewController.swift; sourceTree = "<group>"; };
		962E57923635970B6337DFEE /* Pods-ProjectFour-KellyMcNevin.release.xcconfig */ = {isa = PBXFileReference; includeInIndex = 1; lastKnownFileType = text.xcconfig; name = "Pods-ProjectFour-KellyMcNevin.release.xcconfig"; path = "Pods/Target Support Files/Pods-ProjectFour-KellyMcNevin/Pods-ProjectFour-KellyMcNevin.release.xcconfig"; sourceTree = "<group>"; };
		D34ABD21B502272A50D6B4A3 /* Pods_ProjectFour_KellyMcNevin.framework */ = {isa = PBXFileReference; explicitFileType = wrapper.framework; includeInIndex = 0; path = Pods_ProjectFour_KellyMcNevin.framework; sourceTree = BUILT_PRODUCTS_DIR; };
		F56C56307A6578C5D5412049 /* Pods-ProjectFour-KellyMcNevin.debug.xcconfig */ = {isa = PBXFileReference; includeInIndex = 1; lastKnownFileType = text.xcconfig; name = "Pods-ProjectFour-KellyMcNevin.debug.xcconfig"; path = "Pods/Target Support Files/Pods-ProjectFour-KellyMcNevin/Pods-ProjectFour-KellyMcNevin.debug.xcconfig"; sourceTree = "<group>"; };
/* End PBXFileReference section */

/* Begin PBXFrameworksBuildPhase section */
		5236D3D11E3E800E0026CB05 /* Frameworks */ = {
			isa = PBXFrameworksBuildPhase;
			buildActionMask = 2147483647;
			files = (
				79493191052F43EAFCF46D7D /* Pods_ProjectFour_KellyMcNevin.framework in Frameworks */,
			);
			runOnlyForDeploymentPostprocessing = 0;
		};
		5236D3E51E3E800F0026CB05 /* Frameworks */ = {
			isa = PBXFrameworksBuildPhase;
			buildActionMask = 2147483647;
			files = (
			);
			runOnlyForDeploymentPostprocessing = 0;
		};
/* End PBXFrameworksBuildPhase section */

/* Begin PBXGroup section */
		5208A1561E43BE5E007302EE /* Images */ = {
			isa = PBXGroup;
			children = (
				5231DCB51E4E4E8B00E91750 /* 3_10_8.png */,
				5231DCBF1E4E619600E91750 /* Note-48.png */,
				5231DCBD1E4E616700E91750 /* Sleep-48.png */,
				5288C4AE1E49123C00C43B60 /* images.png */,
				5288C4AF1E49123C00C43B60 /* Unknown.png */,
				5208A1611E48D30F007302EE /* timeInBed.png */,
				5208A1621E48D30F007302EE /* restlessCount.png */,
				5208A1631E48D30F007302EE /* restlessDuration.png */,
				5208A1641E48D30F007302EE /* awakeduration.png */,
				5208A1651E48D30F007302EE /* awakeCount.png */,
				5208A1661E48D30F007302EE /* awakeningsCounted.png */,
				5208A1671E48D30F007302EE /* minutesAwake.png */,
				5208A1681E48D30F007302EE /* minutesAsleep.png */,
				5208A1691E48D30F007302EE /* minutestofallasleep.png */,
				5208A16A1E48D30F007302EE /* duration.jpeg */,
				5208A16B1E48D30F007302EE /* startTime.png */,
				5208A16C1E48D30F007302EE /* efficiency.jpeg */,
				5208A16D1E48D30F007302EE /* notes.png */,
				5208A1591E43C472007302EE /* Fitbit_logo_reversed_RGB.png */,
				5208A1571E43C461007302EE /* Fitbit_logo_RGB.png */,
				5208A1551E43BE29007302EE /* Fitbit_logo_CMYK.eps */,
			);
			name = Images;
			sourceTree = "<group>";
		};
		5236D3CB1E3E800E0026CB05 = {
			isa = PBXGroup;
			children = (
				5236D3D61E3E800E0026CB05 /* ProjectFour-KellyMcNevin */,
				5236D3EB1E3E800F0026CB05 /* ProjectFour-KellyMcNevinTests */,
				5236D3D51E3E800E0026CB05 /* Products */,
				A5F3D85C070B5A31E06D2B6A /* Pods */,
				CB31775AEB8C5C04F1C9A14B /* Frameworks */,
			);
			sourceTree = "<group>";
		};
		5236D3D51E3E800E0026CB05 /* Products */ = {
			isa = PBXGroup;
			children = (
				5236D3D41E3E800E0026CB05 /* ProjectFour-KellyMcNevin.app */,
				5236D3E81E3E800F0026CB05 /* ProjectFour-KellyMcNevinTests.xctest */,
			);
			name = Products;
			sourceTree = "<group>";
		};
		5236D3D61E3E800E0026CB05 /* ProjectFour-KellyMcNevin */ = {
			isa = PBXGroup;
			children = (
				5236D4111E411E590026CB05 /* Table View Cells */,
				5236D4061E3FC7BD0026CB05 /* Logic */,
				5236D4051E3FC7AE0026CB05 /* UI */,
				5208A1561E43BE5E007302EE /* Images */,
				5236D4041E3FC79B0026CB05 /* View Controllers */,
				5236D4011E3FC7760026CB05 /* Data Models */,
			);
			path = "ProjectFour-KellyMcNevin";
			sourceTree = "<group>";
		};
		5236D3EB1E3E800F0026CB05 /* ProjectFour-KellyMcNevinTests */ = {
			isa = PBXGroup;
			children = (
				5236D3EC1E3E800F0026CB05 /* ProjectFour_KellyMcNevinTests.swift */,
				5236D3EE1E3E800F0026CB05 /* Info.plist */,
			);
			path = "ProjectFour-KellyMcNevinTests";
			sourceTree = "<group>";
		};
		5236D4011E3FC7760026CB05 /* Data Models */ = {
			isa = PBXGroup;
			children = (
				5236D3FD1E3FBBF50026CB05 /* DataModel.swift */,
				5236D3FB1E3FBA3C0026CB05 /* Firebase.swift */,
				5236D40B1E4114A20026CB05 /* Fitbit.swift */,
				5208A1531E439C8A007302EE /* ClassDataModel.swift */,
			);
			name = "Data Models";
			sourceTree = "<group>";
		};
		5236D4041E3FC79B0026CB05 /* View Controllers */ = {
			isa = PBXGroup;
			children = (
				5236D4091E40E8A70026CB05 /* FitbitLoginViewController.swift */,
				5236D40D1E411CD30026CB05 /* SessionsViewController.swift */,
				5236D4181E413F750026CB05 /* SleepAnalysisViewController.swift */,
				5236D4141E413D900026CB05 /* NotesViewController.swift */,
				5288C4711E48E7BA00C43B60 /* IndividualNoteViewController.swift */,
				5288C4B21E4A532A00C43B60 /* EditableNotesViewController.swift */,
			);
			name = "View Controllers";
			sourceTree = "<group>";
		};
		5236D4051E3FC7AE0026CB05 /* UI */ = {
			isa = PBXGroup;
			children = (
				5236D3DB1E3E800F0026CB05 /* Main.storyboard */,
				5236D3E01E3E800F0026CB05 /* LaunchScreen.storyboard */,
				5236D3DE1E3E800F0026CB05 /* Assets.xcassets */,
			);
			name = UI;
			sourceTree = "<group>";
		};
		5236D4061E3FC7BD0026CB05 /* Logic */ = {
			isa = PBXGroup;
			children = (
				5236D3D71E3E800F0026CB05 /* AppDelegate.swift */,
				5236D4071E3FF8880026CB05 /* GoogleService-Info.plist */,
				5236D3E31E3E800F0026CB05 /* Info.plist */,
			);
			name = Logic;
			sourceTree = "<group>";
		};
		5236D4111E411E590026CB05 /* Table View Cells */ = {
			isa = PBXGroup;
			children = (
				5236D40F1E411D000026CB05 /* SessionsTableViewCell.swift */,
				5236D4161E413E8D0026CB05 /* NotesTableViewCell.swift */,
				5208A15F1E48CCF5007302EE /* SleepAnalysisCollectionViewCell.swift */,
			);
			name = "Table View Cells";
			sourceTree = "<group>";
		};
		A5F3D85C070B5A31E06D2B6A /* Pods */ = {
			isa = PBXGroup;
			children = (
				F56C56307A6578C5D5412049 /* Pods-ProjectFour-KellyMcNevin.debug.xcconfig */,
				962E57923635970B6337DFEE /* Pods-ProjectFour-KellyMcNevin.release.xcconfig */,
			);
			name = Pods;
			sourceTree = "<group>";
		};
		CB31775AEB8C5C04F1C9A14B /* Frameworks */ = {
			isa = PBXGroup;
			children = (
				D34ABD21B502272A50D6B4A3 /* Pods_ProjectFour_KellyMcNevin.framework */,
				4E6826C4DEEC3BCD8CAAB6CD /* Pods_ProjectFour_KellyMcNevinTests.framework */,
			);
			name = Frameworks;
			sourceTree = "<group>";
		};
/* End PBXGroup section */

/* Begin PBXNativeTarget section */
		5236D3D31E3E800E0026CB05 /* ProjectFour-KellyMcNevin */ = {
			isa = PBXNativeTarget;
			buildConfigurationList = 5236D3F11E3E800F0026CB05 /* Build configuration list for PBXNativeTarget "ProjectFour-KellyMcNevin" */;
			buildPhases = (
				69DAF8EFBEFC52AFC7A7B0A2 /* [CP] Check Pods Manifest.lock */,
				5236D3D01E3E800E0026CB05 /* Sources */,
				5236D3D11E3E800E0026CB05 /* Frameworks */,
				5236D3D21E3E800E0026CB05 /* Resources */,
				43A8E505AE6823CF17068EA3 /* [CP] Embed Pods Frameworks */,
				84A3D3B7413A20E007452F85 /* [CP] Copy Pods Resources */,
			);
			buildRules = (
			);
			dependencies = (
			);
			name = "ProjectFour-KellyMcNevin";
			productName = "ProjectFour-KellyMcNevin";
			productReference = 5236D3D41E3E800E0026CB05 /* ProjectFour-KellyMcNevin.app */;
			productType = "com.apple.product-type.application";
		};
		5236D3E71E3E800F0026CB05 /* ProjectFour-KellyMcNevinTests */ = {
			isa = PBXNativeTarget;
			buildConfigurationList = 5236D3F41E3E800F0026CB05 /* Build configuration list for PBXNativeTarget "ProjectFour-KellyMcNevinTests" */;
			buildPhases = (
				5236D3E41E3E800F0026CB05 /* Sources */,
				5236D3E51E3E800F0026CB05 /* Frameworks */,
				5236D3E61E3E800F0026CB05 /* Resources */,
			);
			buildRules = (
			);
			dependencies = (
				5236D3EA1E3E800F0026CB05 /* PBXTargetDependency */,
			);
			name = "ProjectFour-KellyMcNevinTests";
			productName = "ProjectFour-KellyMcNevinTests";
			productReference = 5236D3E81E3E800F0026CB05 /* ProjectFour-KellyMcNevinTests.xctest */;
			productType = "com.apple.product-type.bundle.unit-test";
		};
/* End PBXNativeTarget section */

/* Begin PBXProject section */
		5236D3CC1E3E800E0026CB05 /* Project object */ = {
			isa = PBXProject;
			attributes = {
				LastSwiftUpdateCheck = 0820;
				LastUpgradeCheck = 0820;
				ORGANIZATIONNAME = "Kelly McNevin";
				TargetAttributes = {
					5236D3D31E3E800E0026CB05 = {
						CreatedOnToolsVersion = 8.2.1;
						DevelopmentTeam = C67VLY25J7;
						ProvisioningStyle = Automatic;
					};
					5236D3E71E3E800F0026CB05 = {
						CreatedOnToolsVersion = 8.2.1;
						DevelopmentTeam = C67VLY25J7;
						ProvisioningStyle = Automatic;
						TestTargetID = 5236D3D31E3E800E0026CB05;
					};
				};
			};
			buildConfigurationList = 5236D3CF1E3E800E0026CB05 /* Build configuration list for PBXProject "ProjectFour-KellyMcNevin" */;
			compatibilityVersion = "Xcode 3.2";
			developmentRegion = English;
			hasScannedForEncodings = 0;
			knownRegions = (
				en,
				Base,
			);
			mainGroup = 5236D3CB1E3E800E0026CB05;
			productRefGroup = 5236D3D51E3E800E0026CB05 /* Products */;
			projectDirPath = "";
			projectRoot = "";
			targets = (
				5236D3D31E3E800E0026CB05 /* ProjectFour-KellyMcNevin */,
				5236D3E71E3E800F0026CB05 /* ProjectFour-KellyMcNevinTests */,
			);
		};
/* End PBXProject section */

/* Begin PBXResourcesBuildPhase section */
		5236D3D21E3E800E0026CB05 /* Resources */ = {
			isa = PBXResourcesBuildPhase;
			buildActionMask = 2147483647;
			files = (
				5208A17A1E48D30F007302EE /* notes.png in Resources */,
				5231DCB61E4E4E8B00E91750 /* 3_10_8.png in Resources */,
				5236D3E21E3E800F0026CB05 /* LaunchScreen.storyboard in Resources */,
				5236D4081E3FF8880026CB05 /* GoogleService-Info.plist in Resources */,
				5208A1731E48D30F007302EE /* awakeningsCounted.png in Resources */,
				5231DCC01E4E619600E91750 /* Note-48.png in Resources */,
				5208A16F1E48D30F007302EE /* restlessCount.png in Resources */,
				5208A1711E48D30F007302EE /* awakeduration.png in Resources */,
				5208A1781E48D30F007302EE /* startTime.png in Resources */,
				5208A1791E48D30F007302EE /* efficiency.jpeg in Resources */,
				5208A16E1E48D30F007302EE /* timeInBed.png in Resources */,
				5208A15A1E43C472007302EE /* Fitbit_logo_reversed_RGB.png in Resources */,
				5208A1771E48D30F007302EE /* duration.jpeg in Resources */,
				5288C4B01E49123C00C43B60 /* images.png in Resources */,
				5208A1751E48D30F007302EE /* minutesAsleep.png in Resources */,
				5208A1761E48D30F007302EE /* minutestofallasleep.png in Resources */,
				5236D3DF1E3E800F0026CB05 /* Assets.xcassets in Resources */,
				5208A1701E48D30F007302EE /* restlessDuration.png in Resources */,
				5208A1581E43C461007302EE /* Fitbit_logo_RGB.png in Resources */,
				5231DCBE1E4E616700E91750 /* Sleep-48.png in Resources */,
				5288C4B11E49123C00C43B60 /* Unknown.png in Resources */,
				5208A1741E48D30F007302EE /* minutesAwake.png in Resources */,
				5236D3DD1E3E800F0026CB05 /* Main.storyboard in Resources */,
				5208A1721E48D30F007302EE /* awakeCount.png in Resources */,
			);
			runOnlyForDeploymentPostprocessing = 0;
		};
		5236D3E61E3E800F0026CB05 /* Resources */ = {
			isa = PBXResourcesBuildPhase;
			buildActionMask = 2147483647;
			files = (
			);
			runOnlyForDeploymentPostprocessing = 0;
		};
/* End PBXResourcesBuildPhase section */

/* Begin PBXShellScriptBuildPhase section */
		43A8E505AE6823CF17068EA3 /* [CP] Embed Pods Frameworks */ = {
			isa = PBXShellScriptBuildPhase;
			buildActionMask = 2147483647;
			files = (
			);
			inputPaths = (
			);
			name = "[CP] Embed Pods Frameworks";
			outputPaths = (
			);
			runOnlyForDeploymentPostprocessing = 0;
			shellPath = /bin/sh;
			shellScript = "\"${SRCROOT}/Pods/Target Support Files/Pods-ProjectFour-KellyMcNevin/Pods-ProjectFour-KellyMcNevin-frameworks.sh\"\n";
			showEnvVarsInLog = 0;
		};
		69DAF8EFBEFC52AFC7A7B0A2 /* [CP] Check Pods Manifest.lock */ = {
			isa = PBXShellScriptBuildPhase;
			buildActionMask = 2147483647;
			files = (
			);
			inputPaths = (
			);
			name = "[CP] Check Pods Manifest.lock";
			outputPaths = (
			);
			runOnlyForDeploymentPostprocessing = 0;
			shellPath = /bin/sh;
			shellScript = "diff \"${PODS_ROOT}/../Podfile.lock\" \"${PODS_ROOT}/Manifest.lock\" > /dev/null\nif [ $? != 0 ] ; then\n    # print error to STDERR\n    echo \"error: The sandbox is not in sync with the Podfile.lock. Run 'pod install' or update your CocoaPods installation.\" >&2\n    exit 1\nfi\n";
			showEnvVarsInLog = 0;
		};
		84A3D3B7413A20E007452F85 /* [CP] Copy Pods Resources */ = {
			isa = PBXShellScriptBuildPhase;
			buildActionMask = 2147483647;
			files = (
			);
			inputPaths = (
			);
			name = "[CP] Copy Pods Resources";
			outputPaths = (
			);
			runOnlyForDeploymentPostprocessing = 0;
			shellPath = /bin/sh;
			shellScript = "\"${SRCROOT}/Pods/Target Support Files/Pods-ProjectFour-KellyMcNevin/Pods-ProjectFour-KellyMcNevin-resources.sh\"\n";
			showEnvVarsInLog = 0;
		};
/* End PBXShellScriptBuildPhase section */

/* Begin PBXSourcesBuildPhase section */
		5236D3D01E3E800E0026CB05 /* Sources */ = {
			isa = PBXSourcesBuildPhase;
			buildActionMask = 2147483647;
			files = (
				5208A1601E48CCF5007302EE /* SleepAnalysisCollectionViewCell.swift in Sources */,
				5208A1541E439C8A007302EE /* ClassDataModel.swift in Sources */,
				5236D4101E411D000026CB05 /* SessionsTableViewCell.swift in Sources */,
				5236D3FE1E3FBBF50026CB05 /* DataModel.swift in Sources */,
				5288C4B31E4A532B00C43B60 /* EditableNotesViewController.swift in Sources */,
				5236D3D81E3E800F0026CB05 /* AppDelegate.swift in Sources */,
				5236D40C1E4114A20026CB05 /* Fitbit.swift in Sources */,
				5236D4151E413D900026CB05 /* NotesViewController.swift in Sources */,
				5236D3FC1E3FBA3C0026CB05 /* Firebase.swift in Sources */,
				5236D40E1E411CD30026CB05 /* SessionsViewController.swift in Sources */,
				5236D40A1E40E8A70026CB05 /* FitbitLoginViewController.swift in Sources */,
				5236D4191E413F750026CB05 /* SleepAnalysisViewController.swift in Sources */,
				5236D4171E413E8D0026CB05 /* NotesTableViewCell.swift in Sources */,
				5288C4721E48E7BA00C43B60 /* IndividualNoteViewController.swift in Sources */,
			);
			runOnlyForDeploymentPostprocessing = 0;
		};
		5236D3E41E3E800F0026CB05 /* Sources */ = {
			isa = PBXSourcesBuildPhase;
			buildActionMask = 2147483647;
			files = (
				5236D3ED1E3E800F0026CB05 /* ProjectFour_KellyMcNevinTests.swift in Sources */,
			);
			runOnlyForDeploymentPostprocessing = 0;
		};
/* End PBXSourcesBuildPhase section */

/* Begin PBXTargetDependency section */
		5236D3EA1E3E800F0026CB05 /* PBXTargetDependency */ = {
			isa = PBXTargetDependency;
			target = 5236D3D31E3E800E0026CB05 /* ProjectFour-KellyMcNevin */;
			targetProxy = 5236D3E91E3E800F0026CB05 /* PBXContainerItemProxy */;
		};
/* End PBXTargetDependency section */

/* Begin PBXVariantGroup section */
		5236D3DB1E3E800F0026CB05 /* Main.storyboard */ = {
			isa = PBXVariantGroup;
			children = (
				5236D3DC1E3E800F0026CB05 /* Base */,
			);
			name = Main.storyboard;
			sourceTree = "<group>";
		};
		5236D3E01E3E800F0026CB05 /* LaunchScreen.storyboard */ = {
			isa = PBXVariantGroup;
			children = (
				5236D3E11E3E800F0026CB05 /* Base */,
			);
			name = LaunchScreen.storyboard;
			sourceTree = "<group>";
		};
/* End PBXVariantGroup section */

/* Begin XCBuildConfiguration section */
		5236D3EF1E3E800F0026CB05 /* Debug */ = {
			isa = XCBuildConfiguration;
			buildSettings = {
				ALWAYS_SEARCH_USER_PATHS = NO;
				CLANG_ANALYZER_NONNULL = YES;
				CLANG_CXX_LANGUAGE_STANDARD = "gnu++0x";
				CLANG_CXX_LIBRARY = "libc++";
				CLANG_ENABLE_MODULES = YES;
				CLANG_ENABLE_OBJC_ARC = YES;
				CLANG_WARN_BOOL_CONVERSION = YES;
				CLANG_WARN_CONSTANT_CONVERSION = YES;
				CLANG_WARN_DIRECT_OBJC_ISA_USAGE = YES_ERROR;
				CLANG_WARN_DOCUMENTATION_COMMENTS = YES;
				CLANG_WARN_EMPTY_BODY = YES;
				CLANG_WARN_ENUM_CONVERSION = YES;
				CLANG_WARN_INFINITE_RECURSION = YES;
				CLANG_WARN_INT_CONVERSION = YES;
				CLANG_WARN_OBJC_ROOT_CLASS = YES_ERROR;
				CLANG_WARN_SUSPICIOUS_MOVE = YES;
				CLANG_WARN_UNREACHABLE_CODE = YES;
				CLANG_WARN__DUPLICATE_METHOD_MATCH = YES;
				"CODE_SIGN_IDENTITY[sdk=iphoneos*]" = "iPhone Developer";
				COPY_PHASE_STRIP = NO;
				DEBUG_INFORMATION_FORMAT = dwarf;
				ENABLE_STRICT_OBJC_MSGSEND = YES;
				ENABLE_TESTABILITY = YES;
				GCC_C_LANGUAGE_STANDARD = gnu99;
				GCC_DYNAMIC_NO_PIC = NO;
				GCC_NO_COMMON_BLOCKS = YES;
				GCC_OPTIMIZATION_LEVEL = 0;
				GCC_PREPROCESSOR_DEFINITIONS = (
					"DEBUG=1",
					"$(inherited)",
				);
				GCC_WARN_64_TO_32_BIT_CONVERSION = YES;
				GCC_WARN_ABOUT_RETURN_TYPE = YES_ERROR;
				GCC_WARN_UNDECLARED_SELECTOR = YES;
				GCC_WARN_UNINITIALIZED_AUTOS = YES_AGGRESSIVE;
				GCC_WARN_UNUSED_FUNCTION = YES;
				GCC_WARN_UNUSED_VARIABLE = YES;
				IPHONEOS_DEPLOYMENT_TARGET = 10.2;
				MTL_ENABLE_DEBUG_INFO = YES;
				ONLY_ACTIVE_ARCH = YES;
				SDKROOT = iphoneos;
				SWIFT_ACTIVE_COMPILATION_CONDITIONS = DEBUG;
				SWIFT_OPTIMIZATION_LEVEL = "-Onone";
				TARGETED_DEVICE_FAMILY = "1,2";
			};
			name = Debug;
		};
		5236D3F01E3E800F0026CB05 /* Release */ = {
			isa = XCBuildConfiguration;
			buildSettings = {
				ALWAYS_SEARCH_USER_PATHS = NO;
				CLANG_ANALYZER_NONNULL = YES;
				CLANG_CXX_LANGUAGE_STANDARD = "gnu++0x";
				CLANG_CXX_LIBRARY = "libc++";
				CLANG_ENABLE_MODULES = YES;
				CLANG_ENABLE_OBJC_ARC = YES;
				CLANG_WARN_BOOL_CONVERSION = YES;
				CLANG_WARN_CONSTANT_CONVERSION = YES;
				CLANG_WARN_DIRECT_OBJC_ISA_USAGE = YES_ERROR;
				CLANG_WARN_DOCUMENTATION_COMMENTS = YES;
				CLANG_WARN_EMPTY_BODY = YES;
				CLANG_WARN_ENUM_CONVERSION = YES;
				CLANG_WARN_INFINITE_RECURSION = YES;
				CLANG_WARN_INT_CONVERSION = YES;
				CLANG_WARN_OBJC_ROOT_CLASS = YES_ERROR;
				CLANG_WARN_SUSPICIOUS_MOVE = YES;
				CLANG_WARN_UNREACHABLE_CODE = YES;
				CLANG_WARN__DUPLICATE_METHOD_MATCH = YES;
				"CODE_SIGN_IDENTITY[sdk=iphoneos*]" = "iPhone Developer";
				COPY_PHASE_STRIP = NO;
				DEBUG_INFORMATION_FORMAT = "dwarf-with-dsym";
				ENABLE_NS_ASSERTIONS = NO;
				ENABLE_STRICT_OBJC_MSGSEND = YES;
				GCC_C_LANGUAGE_STANDARD = gnu99;
				GCC_NO_COMMON_BLOCKS = YES;
				GCC_WARN_64_TO_32_BIT_CONVERSION = YES;
				GCC_WARN_ABOUT_RETURN_TYPE = YES_ERROR;
				GCC_WARN_UNDECLARED_SELECTOR = YES;
				GCC_WARN_UNINITIALIZED_AUTOS = YES_AGGRESSIVE;
				GCC_WARN_UNUSED_FUNCTION = YES;
				GCC_WARN_UNUSED_VARIABLE = YES;
				IPHONEOS_DEPLOYMENT_TARGET = 10.2;
				MTL_ENABLE_DEBUG_INFO = NO;
				SDKROOT = iphoneos;
				SWIFT_OPTIMIZATION_LEVEL = "-Owholemodule";
				TARGETED_DEVICE_FAMILY = "1,2";
				VALIDATE_PRODUCT = YES;
			};
			name = Release;
		};
		5236D3F21E3E800F0026CB05 /* Debug */ = {
			isa = XCBuildConfiguration;
			baseConfigurationReference = F56C56307A6578C5D5412049 /* Pods-ProjectFour-KellyMcNevin.debug.xcconfig */;
			buildSettings = {
				ASSETCATALOG_COMPILER_APPICON_NAME = AppIcon;
				DEVELOPMENT_TEAM = C67VLY25J7;
				INFOPLIST_FILE = "ProjectFour-KellyMcNevin/Info.plist";
				LD_RUNPATH_SEARCH_PATHS = "$(inherited) @executable_path/Frameworks";
				PRODUCT_BUNDLE_IDENTIFIER = "com.kelly.ProjectFour-KellyMcNevin";
				PRODUCT_NAME = "$(TARGET_NAME)";
				SWIFT_VERSION = 3.0;
			};
			name = Debug;
		};
		5236D3F31E3E800F0026CB05 /* Release */ = {
			isa = XCBuildConfiguration;
			baseConfigurationReference = 962E57923635970B6337DFEE /* Pods-ProjectFour-KellyMcNevin.release.xcconfig */;
			buildSettings = {
				ASSETCATALOG_COMPILER_APPICON_NAME = AppIcon;
				DEVELOPMENT_TEAM = C67VLY25J7;
				INFOPLIST_FILE = "ProjectFour-KellyMcNevin/Info.plist";
				LD_RUNPATH_SEARCH_PATHS = "$(inherited) @executable_path/Frameworks";
				PRODUCT_BUNDLE_IDENTIFIER = "com.kelly.ProjectFour-KellyMcNevin";
				PRODUCT_NAME = "$(TARGET_NAME)";
				SWIFT_VERSION = 3.0;
			};
			name = Release;
		};
		5236D3F51E3E800F0026CB05 /* Debug */ = {
			isa = XCBuildConfiguration;
			buildSettings = {
				ALWAYS_EMBED_SWIFT_STANDARD_LIBRARIES = YES;
				BUNDLE_LOADER = "$(TEST_HOST)";
				DEVELOPMENT_TEAM = C67VLY25J7;
				INFOPLIST_FILE = "ProjectFour-KellyMcNevinTests/Info.plist";
				LD_RUNPATH_SEARCH_PATHS = "$(inherited) @executable_path/Frameworks @loader_path/Frameworks";
				PRODUCT_BUNDLE_IDENTIFIER = "com.kelly.ProjectFour-KellyMcNevinTests";
				PRODUCT_NAME = "$(TARGET_NAME)";
				SWIFT_VERSION = 3.0;
				TEST_HOST = "$(BUILT_PRODUCTS_DIR)/ProjectFour-KellyMcNevin.app/ProjectFour-KellyMcNevin";
			};
			name = Debug;
		};
		5236D3F61E3E800F0026CB05 /* Release */ = {
			isa = XCBuildConfiguration;
			buildSettings = {
				ALWAYS_EMBED_SWIFT_STANDARD_LIBRARIES = YES;
				BUNDLE_LOADER = "$(TEST_HOST)";
				DEVELOPMENT_TEAM = C67VLY25J7;
				INFOPLIST_FILE = "ProjectFour-KellyMcNevinTests/Info.plist";
				LD_RUNPATH_SEARCH_PATHS = "$(inherited) @executable_path/Frameworks @loader_path/Frameworks";
				PRODUCT_BUNDLE_IDENTIFIER = "com.kelly.ProjectFour-KellyMcNevinTests";
				PRODUCT_NAME = "$(TARGET_NAME)";
				SWIFT_VERSION = 3.0;
				TEST_HOST = "$(BUILT_PRODUCTS_DIR)/ProjectFour-KellyMcNevin.app/ProjectFour-KellyMcNevin";
			};
			name = Release;
		};
/* End XCBuildConfiguration section */

/* Begin XCConfigurationList section */
		5236D3CF1E3E800E0026CB05 /* Build configuration list for PBXProject "ProjectFour-KellyMcNevin" */ = {
			isa = XCConfigurationList;
			buildConfigurations = (
				5236D3EF1E3E800F0026CB05 /* Debug */,
				5236D3F01E3E800F0026CB05 /* Release */,
			);
			defaultConfigurationIsVisible = 0;
			defaultConfigurationName = Release;
		};
		5236D3F11E3E800F0026CB05 /* Build configuration list for PBXNativeTarget "ProjectFour-KellyMcNevin" */ = {
			isa = XCConfigurationList;
			buildConfigurations = (
				5236D3F21E3E800F0026CB05 /* Debug */,
				5236D3F31E3E800F0026CB05 /* Release */,
			);
			defaultConfigurationIsVisible = 0;
			defaultConfigurationName = Release;
		};
		5236D3F41E3E800F0026CB05 /* Build configuration list for PBXNativeTarget "ProjectFour-KellyMcNevinTests" */ = {
			isa = XCConfigurationList;
			buildConfigurations = (
				5236D3F51E3E800F0026CB05 /* Debug */,
				5236D3F61E3E800F0026CB05 /* Release */,
			);
			defaultConfigurationIsVisible = 0;
			defaultConfigurationName = Release;
		};
/* End XCConfigurationList section */
	};
	rootObject = 5236D3CC1E3E800E0026CB05 /* Project object */;
}
